
Microsoft Visual Studio Solution File, Format Version 10.00
# Visual Studio 2008
Project("{FAE04EC0-301F-11D3-BF4B-00C04F79EFBC}") = "DataStore", "DataStore\DataStore.csproj", "{9FAE4DC7-CB73-402D-B215-F639570ED46D}"
EndProject
Global
	GlobalSection(SolutionConfigurationPlatforms) = preSolution
		Debug|Any CPU = Debug|Any CPU
		Release|Any CPU = Release|Any CPU
	EndGlobalSection
	GlobalSection(ProjectConfigurationPlatforms) = postSolution
		{9FAE4DC7-CB73-402D-B215-F639570ED46D}.Debug|Any CPU.ActiveCfg = Debug|Any CPU
		{9FAE4DC7-CB73-402D-B215-F639570ED46D}.Debug|Any CPU.Build.0 = Debug|Any CPU
		{9FAE4DC7-CB73-402D-B215-F639570ED46D}.Release|Any CPU.ActiveCfg = Release|Any CPU
		{9FAE4DC7-CB73-402D-B215-F639570ED46D}.Release|Any CPU.Build.0 = Release|Any CPU
	EndGlobalSection
	GlobalSection(SolutionProperties) = preSolution
		HideSolutionNode = FALSE
	EndGlobalSection
EndGlobal
